
Microsoft Visual Studio Solution File, Format Version 12.00
# Visual Studio Version 17
VisualStudioVersion = 17.5.33516.290
MinimumVisualStudioVersion = 10.0.40219.1
Project("{FAE04EC0-301F-11D3-BF4B-00C04F79EFBC}") = "ConsoleApp1_HomeWork6", "ConsoleApp1_HomeWork6.csproj", "{54C614FD-9DB7-4679-AA81-BCE0084F993C}"
EndProject
Global
	GlobalSection(SolutionConfigurationPlatforms) = preSolution
		Debug|Any CPU = Debug|Any CPU
		Release|Any CPU = Release|Any CPU
	EndGlobalSection
	GlobalSection(ProjectConfigurationPlatforms) = postSolution
		{54C614FD-9DB7-4679-AA81-BCE0084F993C}.Debug|Any CPU.ActiveCfg = Debug|Any CPU
		{54C614FD-9DB7-4679-AA81-BCE0084F993C}.Debug|Any CPU.Build.0 = Debug|Any CPU
		{54C614FD-9DB7-4679-AA81-BCE0084F993C}.Release|Any CPU.ActiveCfg = Release|Any CPU
		{54C614FD-9DB7-4679-AA81-BCE0084F993C}.Release|Any CPU.Build.0 = Release|Any CPU
	EndGlobalSection
	GlobalSection(SolutionProperties) = preSolution
		HideSolutionNode = FALSE
	EndGlobalSection
	GlobalSection(ExtensibilityGlobals) = postSolution
		SolutionGuid = {BEE27181-CE1D-450A-8DC4-8F320D35F25B}
	EndGlobalSection
EndGlobal
